<?xml version="1.0" encoding="utf-8"?>
<Project ToolsVersion="4.0" xmlns="http://schemas.microsoft.com/developer/msbuild/2003">
  <ItemGroup>
    <Filter Include="Source Files">
      <UniqueIdentifier>{4FC737F1-C7A5-4376-A066-2A32D752A2FF}</UniqueIdentifier>
      <Extensions>cpp;c;cc;cxx;c++;cppm;ixx;def;odl;idl;hpj;bat;asm;asmx</Extensions>
    </Filter>
    <Filter Include="Header Files">
      <UniqueIdentifier>{93995380-89BD-4b04-88EB-625FBE52EBFB}</UniqueIdentifier>
      <Extensions>h;hh;hpp;hxx;h++;hm;inl;inc;ipp;xsd</Extensions>
    </Filter>
    <Filter Include="Resource Files">
      <UniqueIdentifier>{67DA6AB6-F800-4c08-8B7A-83BB121AAD01}</UniqueIdentifier>
      <Extensions>rc;ico;cur;bmp;dlg;rc2;rct;bin;rgs;gif;jpg;jpeg;jpe;resx;tiff;tif;png;wav;mfcribbon-ms</Extensions>
    </Filter>
  </ItemGroup>
  <ItemGroup>
    <ClCompile Include="main.cpp">
      <Filter>Source Files</Filter>
    </ClCompile>
    <ClCompile Include="Entities\Ghost\Blinky.cpp">
      <Filter>Source Files</Filter>
    </ClCompile>
    <ClCompile Include="Entities\Ghost\Ghost.cpp">
      <Filter>Source Files</Filter>
    </ClCompile>
    <ClCompile Include="Maze\Maze.cpp">
      <Filter>Source Files</Filter>
    </ClCompile>
    <ClCompile Include="Maze\MazePath.cpp">
      <Filter>Source Files</Filter>
    </ClCompile>
    <ClCompile Include="Animation\Animation.cpp">
      <Filter>Source Files</Filter>
    </ClCompile>
    <ClCompile Include="Entities\Entity.cpp">
      <Filter>Source Files</Filter>
    </ClCompile>
    <ClCompile Include="Entities\PacMan\PacMan.cpp">
      <Filter>Source Files</Filter>
    </ClCompile>
    <ClCompile Include="Entities\Ghost\Pinky.cpp">
      <Filter>Source Files</Filter>
    </ClCompile>
    <ClCompile Include="Entities\Ghost\Inky.cpp">
      <Filter>Source Files</Filter>
    </ClCompile>
    <ClCompile Include="Entities\Ghost\Clyde.cpp">
      <Filter>Source Files</Filter>
    </ClCompile>
    <ClCompile Include="Entities\BonusItem\BonusItem.cpp">
      <Filter>Source Files</Filter>
    </ClCompile>
    <ClCompile Include="Game\Game.cpp">
      <Filter>Source Files</Filter>
    </ClCompile>
    <ClCompile Include="Game\Level.cpp">
      <Filter>Source Files</Filter>
    </ClCompile>
    <ClCompile Include="SoundEffect\SoundEffect.cpp">
      <Filter>Source Files</Filter>
    </ClCompile>
    <ClCompile Include="Maze\GraphicsPath.cpp">
      <Filter>Source Files</Filter>
    </ClCompile>
    <ClCompile Include="GUI\Button\Button.cpp">
      <Filter>Source Files</Filter>
    </ClCompile>
    <ClCompile Include="GUI\Button\TextButton.cpp">
      <Filter>Source Files</Filter>
    </ClCompile>
    <ClCompile Include="GUI\Button\ImageButton.cpp">
      <Filter>Source Files</Filter>
    </ClCompile>
    <ClCompile Include="GameStates\LearnMode\LearnGhostChaseMode.cpp">
      <Filter>Source Files</Filter>
    </ClCompile>
    <ClCompile Include="GameStates\GameState.cpp">
      <Filter>Source Files</Filter>
    </ClCompile>
    <ClCompile Include="GameStates\GameplayMode\PracticeMode.cpp">
      <Filter>Source Files</Filter>
    </ClCompile>
    <ClCompile Include="GUI\ContextMenu\ContextMenu.cpp">
      <Filter>Source Files</Filter>
    </ClCompile>
    <ClCompile Include="GameStates\GameplayMode\PlayMode.cpp">
      <Filter>Source Files</Filter>
    </ClCompile>
    <ClCompile Include="GameStatesManager\GameStatesManager.cpp">
      <Filter>Source Files</Filter>
    </ClCompile>
    <ClCompile Include="GameStates\MainMenu\MainMenu.cpp">
      <Filter>Source Files</Filter>
    </ClCompile>
    <ClCompile Include="GameTextures\GameTextures.cpp">
      <Filter>Source Files</Filter>
    </ClCompile>
    <ClCompile Include="GameStates\GameplayMode\GameplayMode.cpp">
      <Filter>Source Files</Filter>
    </ClCompile>
    <ClCompile Include="GameStates\DisclaimerScreen\DisclaimerScreen.cpp">
      <Filter>Source Files</Filter>
    </ClCompile>
    <ClCompile Include="GameStates\CoffeeBreaks\CoffeeBreak.cpp">
      <Filter>Source Files</Filter>
    </ClCompile>
    <ClCompile Include="GameStates\CoffeeBreaks\CoffeeBreak1.cpp">
      <Filter>Source Files</Filter>
    </ClCompile>
    <ClCompile Include="GameStates\CoffeeBreaks\CoffeeBreak2.cpp">
      <Filter>Source Files</Filter>
    </ClCompile>
    <ClCompile Include="GameStates\CoffeeBreaks\CoffeeBreak3.cpp">
      <Filter>Source Files</Filter>
    </ClCompile>
    <ClCompile Include="GameStates\CoffeeBreaks\Cutscenes.cpp">
      <Filter>Source Files</Filter>
    </ClCompile>
    <ClCompile Include="GameManager\GameManager.cpp">
      <Filter>Source Files</Filter>
    </ClCompile>
  </ItemGroup>
  <ItemGroup>
    <ClInclude Include="Maze\Maze.h">
      <Filter>Header Files</Filter>
    </ClInclude>
    <ClInclude Include="Entities\Ghost\Ghost.h">
      <Filter>Header Files</Filter>
    </ClInclude>
    <ClInclude Include="Entities\Entity.h">
      <Filter>Header Files</Filter>
    </ClInclude>
    <ClInclude Include="Entities\Ghost\Blinky.h">
      <Filter>Header Files</Filter>
    </ClInclude>
    <ClInclude Include="Maze\Node.h">
      <Filter>Header Files</Filter>
    </ClInclude>
    <ClInclude Include="Maze\MazePath.h">
      <Filter>Header Files</Filter>
    </ClInclude>
    <ClInclude Include="Entities\PacMan\PacMan.h">
      <Filter>Header Files</Filter>
    </ClInclude>
    <ClInclude Include="Animation\Animation.h">
      <Filter>Header Files</Filter>
    </ClInclude>
    <ClInclude Include="Common.h">
      <Filter>Header Files</Filter>
    </ClInclude>
    <ClInclude Include="Entities\Ghost\Pinky.h">
      <Filter>Header Files</Filter>
    </ClInclude>
    <ClInclude Include="Entities\Ghost\Inky.h">
      <Filter>Header Files</Filter>
    </ClInclude>
    <ClInclude Include="Entities\Ghost\Clyde.h">
      <Filter>Header Files</Filter>
    </ClInclude>
    <ClInclude Include="Entities\BonusItem\BonusItem.h">
      <Filter>Header Files</Filter>
    </ClInclude>
    <ClInclude Include="Game\Game.h">
      <Filter>Header Files</Filter>
    </ClInclude>
    <ClInclude Include="Game\Level.h">
      <Filter>Header Files</Filter>
    </ClInclude>
    <ClInclude Include="SoundEffect\SoundEffect.h">
      <Filter>Header Files</Filter>
    </ClInclude>
    <ClInclude Include="Maze\GraphicsPath.h">
      <Filter>Header Files</Filter>
    </ClInclude>
    <ClInclude Include="GUI\Button\Button.h">
      <Filter>Header Files</Filter>
    </ClInclude>
    <ClInclude Include="GUI\Button\TextButton.h">
      <Filter>Header Files</Filter>
    </ClInclude>
    <ClInclude Include="GUI\Button\ImageButton.h">
      <Filter>Header Files</Filter>
    </ClInclude>
    <ClInclude Include="GameStates\LearnMode\LearnGhostChaseMode.h">
      <Filter>Header Files</Filter>
    </ClInclude>
    <ClInclude Include="GameStates\GameState.h">
      <Filter>Header Files</Filter>
    </ClInclude>
    <ClInclude Include="GameStates\GameplayMode\PracticeMode.h">
      <Filter>Header Files</Filter>
    </ClInclude>
    <ClInclude Include="GUI\ContextMenu\ContextMenu.h">
      <Filter>Header Files</Filter>
    </ClInclude>
    <ClInclude Include="GameStates\GameplayMode\PlayMode.h">
      <Filter>Header Files</Filter>
    </ClInclude>
    <ClInclude Include="GameStatesManager\GameStatesManager.h">
      <Filter>Header Files</Filter>
    </ClInclude>
    <ClInclude Include="GameStates\MainMenu\MainMenu.h">
      <Filter>Header Files</Filter>
    </ClInclude>
    <ClInclude Include="GameTextures\GameTextures.h">
      <Filter>Header Files</Filter>
    </ClInclude>
    <ClInclude Include="GameStates\GameplayMode\GameplayMode.h">
      <Filter>Header Files</Filter>
    </ClInclude>
    <ClInclude Include="GameStates\DisclaimerScreen\DisclaimerScreen.h">
      <Filter>Header Files</Filter>
    </ClInclude>
    <ClInclude Include="GameStates\CoffeeBreaks\CoffeeBreak.h">
      <Filter>Header Files</Filter>
    </ClInclude>
    <ClInclude Include="GameStates\CoffeeBreaks\CoffeeBreak1.h">
      <Filter>Header Files</Filter>
    </ClInclude>
    <ClInclude Include="GameStates\CoffeeBreaks\CoffeeBreak2.h">
      <Filter>Header Files</Filter>
    </ClInclude>
    <ClInclude Include="GameStates\CoffeeBreaks\CoffeeBreak3.h">
      <Filter>Header Files</Filter>
    </ClInclude>
    <ClInclude Include="GameStates\CoffeeBreaks\Cutscenes.h">
      <Filter>Header Files</Filter>
    </ClInclude>
    <ClInclude Include="GameManager\GameManager.h">
      <Filter>Header Files</Filter>
    </ClInclude>
  </ItemGroup>
  <ItemGroup>
    <Text Include="Maze\MazePattern.txt" />
  </ItemGroup>
  <ItemGroup>
    <Image Include="Resources\Textures\pac_man_icon.png">
      <Filter>Resource Files</Filter>
    </Image>
  </ItemGroup>
</Project>